
Microsoft Visual Studio Solution File, Format Version 12.00
# Visual Studio 15
Project("{FAE04EC0-301F-11D3-BF4B-00C04F79EFBC}") = "Assembly-CSharp", "Assembly-CSharp.csproj", "{27E6614E-AC2A-9F95-B164-4567DDE50E3D}"
EndProject
Project("{FAE04EC0-301F-11D3-BF4B-00C04F79EFBC}") = "Assembly-CSharp-Editor", "Assembly-CSharp-Editor.csproj", "{509552FC-7F9F-6A2D-F368-F4C0FB13CAD2}"
EndProject
Global
	GlobalSection(SolutionConfigurationPlatforms) = preSolution
		Debug|Any CPU = Debug|Any CPU
		Release|Any CPU = Release|Any CPU
	EndGlobalSection
	GlobalSection(ProjectConfigurationPlatforms) = postSolution
		{27E6614E-AC2A-9F95-B164-4567DDE50E3D}.Debug|Any CPU.ActiveCfg = Debug|Any CPU
		{27E6614E-AC2A-9F95-B164-4567DDE50E3D}.Debug|Any CPU.Build.0 = Debug|Any CPU
		{27E6614E-AC2A-9F95-B164-4567DDE50E3D}.Release|Any CPU.ActiveCfg = Release|Any CPU
		{27E6614E-AC2A-9F95-B164-4567DDE50E3D}.Release|Any CPU.Build.0 = Release|Any CPU
		{509552FC-7F9F-6A2D-F368-F4C0FB13CAD2}.Debug|Any CPU.ActiveCfg = Debug|Any CPU
		{509552FC-7F9F-6A2D-F368-F4C0FB13CAD2}.Debug|Any CPU.Build.0 = Debug|Any CPU
		{509552FC-7F9F-6A2D-F368-F4C0FB13CAD2}.Release|Any CPU.ActiveCfg = Release|Any CPU
		{509552FC-7F9F-6A2D-F368-F4C0FB13CAD2}.Release|Any CPU.Build.0 = Release|Any CPU
	EndGlobalSection
	GlobalSection(SolutionProperties) = preSolution
		HideSolutionNode = FALSE
	EndGlobalSection
EndGlobal
